# This file is automatically @generated by Wally.
# It is not intended for manual editing.
registry = "test"

[[package]]
name = "elttob/fusion"
version = "0.2.0"
dependencies = []

[[package]]
name = "evaera/promise"
version = "4.0.0"
dependencies = []

[[package]]
name = "scottricity/fastcastredux"
version = "0.1.0"
dependencies = []

[[package]]
name = "scottricity/profileservice"
version = "0.2.0"
dependencies = []

[[package]]
name = "scottricity/replicaservice"
version = "0.2.0"
dependencies = []

[[package]]
name = "scottricity/skateboard-physics-rblx"
version = "0.1.0"
dependencies = [["Comm", "sleitnick/comm@0.3.1"], ["Component", "sleitnick/component@2.4.6"], ["Concur", "sleitnick/concur@0.1.2"], ["EnumList", "sleitnick/enum-list@2.1.0"], ["FastCastRedux", "scottricity/fastcastredux@0.1.0"], ["Fusion", "elttob/fusion@0.2.0"], ["Input", "sleitnick/input@2.1.1"], ["Knit", "sleitnick/knit@1.5.1"], ["Loader", "sleitnick/loader@2.0.0"], ["Log", "sleitnick/log@0.1.1"], ["Net", "sleitnick/net@0.1.0"], ["Option", "sleitnick/option@1.0.4"], ["PID", "sleitnick/pid@1.0.2"], ["ProfileService", "scottricity/profileservice@0.2.0"], ["Promise", "evaera/promise@4.0.0"], ["Quaternion", "sleitnick/quaternion@0.2.1"], ["ReplicaService", "scottricity/replicaservice@0.2.0"], ["Ser", "sleitnick/ser@1.0.5"], ["Shake", "sleitnick/shake@0.1.7"], ["Signal", "sleitnick/signal@1.5.0"], ["Silo", "sleitnick/silo@0.1.1"], ["Streamable", "sleitnick/streamable@1.2.4"], ["Symbol", "sleitnick/symbol@2.0.1"], ["TableUtil", "sleitnick/table-util@1.2.0"], ["TaskQueue", "sleitnick/task-queue@0.1.1"], ["Timer", "sleitnick/timer@1.1.2"], ["Trove", "sleitnick/trove@1.0.1"], ["WaitFor", "sleitnick/wait-for@0.2.2"]]

[[package]]
name = "sleitnick/comm"
version = "0.3.1"
dependencies = [["Option", "sleitnick/option@1.0.4"], ["Promise", "evaera/promise@4.0.0"], ["Signal", "sleitnick/signal@1.5.0"]]

[[package]]
name = "sleitnick/component"
version = "2.4.6"
dependencies = [["Promise", "evaera/promise@4.0.0"], ["Signal", "sleitnick/signal@1.5.0"], ["Symbol", "sleitnick/symbol@2.0.1"], ["Trove", "sleitnick/trove@0.4.2"]]

[[package]]
name = "sleitnick/concur"
version = "0.1.2"
dependencies = []

[[package]]
name = "sleitnick/enum-list"
version = "2.1.0"
dependencies = []

[[package]]
name = "sleitnick/input"
version = "2.1.1"
dependencies = [["Signal", "sleitnick/signal@1.5.0"], ["Trove", "sleitnick/trove@0.4.2"]]

[[package]]
name = "sleitnick/knit"
version = "1.5.1"
dependencies = [["Comm", "sleitnick/comm@0.3.1"], ["Promise", "evaera/promise@4.0.0"]]

[[package]]
name = "sleitnick/loader"
version = "2.0.0"
dependencies = []

[[package]]
name = "sleitnick/log"
version = "0.1.1"
dependencies = []

[[package]]
name = "sleitnick/net"
version = "0.1.0"
dependencies = []

[[package]]
name = "sleitnick/option"
version = "1.0.4"
dependencies = []

[[package]]
name = "sleitnick/pid"
version = "1.0.2"
dependencies = []

[[package]]
name = "sleitnick/quaternion"
version = "0.2.1"
dependencies = []

[[package]]
name = "sleitnick/ser"
version = "1.0.5"
dependencies = [["Option", "sleitnick/option@1.0.4"]]

[[package]]
name = "sleitnick/shake"
version = "0.1.7"
dependencies = [["Trove", "sleitnick/trove@0.4.2"]]

[[package]]
name = "sleitnick/signal"
version = "1.5.0"
dependencies = []

[[package]]
name = "sleitnick/silo"
version = "0.1.1"
dependencies = []

[[package]]
name = "sleitnick/streamable"
version = "1.2.4"
dependencies = [["Signal", "sleitnick/signal@1.5.0"], ["Trove", "sleitnick/trove@0.4.2"]]

[[package]]
name = "sleitnick/symbol"
version = "2.0.1"
dependencies = []

[[package]]
name = "sleitnick/table-util"
version = "1.2.0"
dependencies = []

[[package]]
name = "sleitnick/task-queue"
version = "0.1.1"
dependencies = []

[[package]]
name = "sleitnick/timer"
version = "1.1.2"
dependencies = [["Signal", "sleitnick/signal@1.5.0"]]

[[package]]
name = "sleitnick/trove"
version = "0.4.2"
dependencies = []

[[package]]
name = "sleitnick/trove"
version = "1.0.1"
dependencies = []

[[package]]
name = "sleitnick/wait-for"
version = "0.2.2"
dependencies = [["Promise", "evaera/promise@4.0.0"]]
